
Microsoft Visual Studio Solution File, Format Version 12.00
# Visual Studio Version 17
VisualStudioVersion = 17.1.32210.238
MinimumVisualStudioVersion = 10.0.40219.1
Project("{FAE04EC0-301F-11D3-BF4B-00C04F79EFBC}") = "praktikumweek8ikhwan", "praktikumweek8ikhwan\praktikumweek8ikhwan.csproj", "{838AF9DE-66BE-4DF8-976E-7CC8A8B4B86D}"
EndProject
Global
	GlobalSection(SolutionConfigurationPlatforms) = preSolution
		Debug|Any CPU = Debug|Any CPU
		Release|Any CPU = Release|Any CPU
	EndGlobalSection
	GlobalSection(ProjectConfigurationPlatforms) = postSolution
		{838AF9DE-66BE-4DF8-976E-7CC8A8B4B86D}.Debug|Any CPU.ActiveCfg = Debug|Any CPU
		{838AF9DE-66BE-4DF8-976E-7CC8A8B4B86D}.Debug|Any CPU.Build.0 = Debug|Any CPU
		{838AF9DE-66BE-4DF8-976E-7CC8A8B4B86D}.Release|Any CPU.ActiveCfg = Release|Any CPU
		{838AF9DE-66BE-4DF8-976E-7CC8A8B4B86D}.Release|Any CPU.Build.0 = Release|Any CPU
	EndGlobalSection
	GlobalSection(SolutionProperties) = preSolution
		HideSolutionNode = FALSE
	EndGlobalSection
	GlobalSection(ExtensibilityGlobals) = postSolution
		SolutionGuid = {CAD1DB2B-5DC2-4B2B-B935-6DD5780ED54C}
	EndGlobalSection
EndGlobal
